
Microsoft Visual Studio Solution File, Format Version 11.00
# Visual Studio 2010
Project("{FAE04EC0-301F-11D3-BF4B-00C04F79EFBC}") = "CityTourApp", "CityTourApp\CityTourApp.csproj", "{0cf88d41-427a-46e8-9d77-02d81d0ba46b}"
EndProject
Global
	GlobalSection(SolutionConfigurationPlatforms) = preSolution
		Debug|Any CPU = Debug|Any CPU
		Release|Any CPU = Release|Any CPU
	EndGlobalSection
	GlobalSection(ProjectConfigurationPlatforms) = postSolution
		{0CF88D41-427A-46E8-9D77-02D81D0BA46B}.Debug|Any CPU.ActiveCfg = Debug|Any CPU
		{0CF88D41-427A-46E8-9D77-02D81D0BA46B}.Debug|Any CPU.Build.0 = Debug|Any CPU
		{0CF88D41-427A-46E8-9D77-02D81D0BA46B}.Debug|Any CPU.Deploy.0 = Debug|Any CPU
		{0CF88D41-427A-46E8-9D77-02D81D0BA46B}.Release|Any CPU.ActiveCfg = Release|Any CPU
		{0CF88D41-427A-46E8-9D77-02D81D0BA46B}.Release|Any CPU.Build.0 = Release|Any CPU
		{0CF88D41-427A-46E8-9D77-02D81D0BA46B}.Release|Any CPU.Deploy.0 = Release|Any CPU
	EndGlobalSection
EndGlobal
